
Microsoft Visual Studio Solution File, Format Version 12.00
# Visual Studio Version 17
VisualStudioVersion = 17.14.36221.1 d17.14
MinimumVisualStudioVersion = 10.0.40219.1
Project("{FAE04EC0-301F-11D3-BF4B-00C04F79EFBC}") = "Guild Wars 2 - Auction House Calculator", "Guild Wars 2 - Auction House Calculator\Guild Wars 2 - Auction House Calculator.csproj", "{F6434CAC-DBC7-4200-A76A-F3C6BC9795C9}"
EndProject
Global
	GlobalSection(SolutionConfigurationPlatforms) = preSolution
		Debug|Any CPU = Debug|Any CPU
		Release|Any CPU = Release|Any CPU
	EndGlobalSection
	GlobalSection(ProjectConfigurationPlatforms) = postSolution
		{F6434CAC-DBC7-4200-A76A-F3C6BC9795C9}.Debug|Any CPU.ActiveCfg = Debug|Any CPU
		{F6434CAC-DBC7-4200-A76A-F3C6BC9795C9}.Debug|Any CPU.Build.0 = Debug|Any CPU
		{F6434CAC-DBC7-4200-A76A-F3C6BC9795C9}.Release|Any CPU.ActiveCfg = Release|Any CPU
		{F6434CAC-DBC7-4200-A76A-F3C6BC9795C9}.Release|Any CPU.Build.0 = Release|Any CPU
	EndGlobalSection
	GlobalSection(SolutionProperties) = preSolution
		HideSolutionNode = FALSE
	EndGlobalSection
	GlobalSection(ExtensibilityGlobals) = postSolution
		SolutionGuid = {AD4A248F-9A33-486F-84E4-228C9367A692}
	EndGlobalSection
EndGlobal
